
Microsoft Visual Studio Solution File, Format Version 12.00
# Visual Studio 2013
VisualStudioVersion = 12.0.31101.0
MinimumVisualStudioVersion = 10.0.40219.1
Project("{FAE04EC0-301F-11D3-BF4B-00C04F79EFBC}") = "GeoLib.Core", "pluralsight-wcf-core-master\pluralsight-wcf-core-master\GeoLib.Core\GeoLib.Core.csproj", "{461922D9-747F-4BB0-AC2E-4737139EEDB6}"
EndProject
Project("{FAE04EC0-301F-11D3-BF4B-00C04F79EFBC}") = "GeoLib.Data", "pluralsight-wcf-core-master\pluralsight-wcf-core-master\GeoLib.Data\GeoLib.Data.csproj", "{DB2CA02F-5D34-4734-8A44-634BFD381244}"
EndProject
Project("{FAE04EC0-301F-11D3-BF4B-00C04F79EFBC}") = "GeoLib.Contracts", "GeoLib.Contracts\GeoLib.Contracts.csproj", "{2B6920D8-F96F-454C-B63D-8BCD4B5E9D5E}"
EndProject
Project("{FAE04EC0-301F-11D3-BF4B-00C04F79EFBC}") = "GeoLib.Services", "GeoLib.Services\GeoLib.Services.csproj", "{3C080A2B-2D6A-416D-98A6-BEDF516D66CA}"
EndProject
Project("{2150E333-8FDC-42A3-9474-1A3956D46DE8}") = ".nuget", ".nuget", "{C99DE8E8-E36E-4B43-A63F-10A7A2CAEF73}"
	ProjectSection(SolutionItems) = preProject
		.nuget\NuGet.Config = .nuget\NuGet.Config
		.nuget\NuGet.exe = .nuget\NuGet.exe
		.nuget\NuGet.targets = .nuget\NuGet.targets
	EndProjectSection
EndProject
Project("{FAE04EC0-301F-11D3-BF4B-00C04F79EFBC}") = "GeoLib.Tests", "GeoLib.Tests\GeoLib.Tests.csproj", "{14F7A690-30CE-42B3-B786-5AC109FC897F}"
EndProject
Project("{2150E333-8FDC-42A3-9474-1A3956D46DE8}") = "Hosting", "Hosting", "{70B8DF87-336D-4888-904C-6231C7ABA7DE}"
EndProject
Project("{FAE04EC0-301F-11D3-BF4B-00C04F79EFBC}") = "GeoLib.ConsoleHost", "GeoLib.ConsoleHost\GeoLib.ConsoleHost.csproj", "{A98A54AC-C884-42D9-8B10-3E73536772B4}"
EndProject
Project("{2150E333-8FDC-42A3-9474-1A3956D46DE8}") = "Database", "Database", "{D4A7F448-5792-4A3E-B153-EA155605422D}"
	ProjectSection(SolutionItems) = preProject
		pluralsight-wcf-core-master\pluralsight-wcf-core-master\ZipCodeData.mdf = pluralsight-wcf-core-master\pluralsight-wcf-core-master\ZipCodeData.mdf
		pluralsight-wcf-core-master\pluralsight-wcf-core-master\ZipCodeData_log.ldf = pluralsight-wcf-core-master\pluralsight-wcf-core-master\ZipCodeData_log.ldf
	EndProjectSection
EndProject
Project("{2150E333-8FDC-42A3-9474-1A3956D46DE8}") = "Solution Items", "Solution Items", "{84594310-DAFA-4E06-906E-29B216882499}"
EndProject
Project("{FAE04EC0-301F-11D3-BF4B-00C04F79EFBC}") = "GeoLib.WebHost", "GeoLib.WebHost\GeoLib.WebHost.csproj", "{427B6558-95DE-44BC-8066-A27D081C1D67}"
EndProject
Global
	GlobalSection(SolutionConfigurationPlatforms) = preSolution
		Debug|Any CPU = Debug|Any CPU
		Release|Any CPU = Release|Any CPU
	EndGlobalSection
	GlobalSection(ProjectConfigurationPlatforms) = postSolution
		{461922D9-747F-4BB0-AC2E-4737139EEDB6}.Debug|Any CPU.ActiveCfg = Debug|Any CPU
		{461922D9-747F-4BB0-AC2E-4737139EEDB6}.Debug|Any CPU.Build.0 = Debug|Any CPU
		{461922D9-747F-4BB0-AC2E-4737139EEDB6}.Release|Any CPU.ActiveCfg = Release|Any CPU
		{461922D9-747F-4BB0-AC2E-4737139EEDB6}.Release|Any CPU.Build.0 = Release|Any CPU
		{DB2CA02F-5D34-4734-8A44-634BFD381244}.Debug|Any CPU.ActiveCfg = Debug|Any CPU
		{DB2CA02F-5D34-4734-8A44-634BFD381244}.Debug|Any CPU.Build.0 = Debug|Any CPU
		{DB2CA02F-5D34-4734-8A44-634BFD381244}.Release|Any CPU.ActiveCfg = Release|Any CPU
		{DB2CA02F-5D34-4734-8A44-634BFD381244}.Release|Any CPU.Build.0 = Release|Any CPU
		{2B6920D8-F96F-454C-B63D-8BCD4B5E9D5E}.Debug|Any CPU.ActiveCfg = Debug|Any CPU
		{2B6920D8-F96F-454C-B63D-8BCD4B5E9D5E}.Debug|Any CPU.Build.0 = Debug|Any CPU
		{2B6920D8-F96F-454C-B63D-8BCD4B5E9D5E}.Release|Any CPU.ActiveCfg = Release|Any CPU
		{2B6920D8-F96F-454C-B63D-8BCD4B5E9D5E}.Release|Any CPU.Build.0 = Release|Any CPU
		{3C080A2B-2D6A-416D-98A6-BEDF516D66CA}.Debug|Any CPU.ActiveCfg = Debug|Any CPU
		{3C080A2B-2D6A-416D-98A6-BEDF516D66CA}.Debug|Any CPU.Build.0 = Debug|Any CPU
		{3C080A2B-2D6A-416D-98A6-BEDF516D66CA}.Release|Any CPU.ActiveCfg = Release|Any CPU
		{3C080A2B-2D6A-416D-98A6-BEDF516D66CA}.Release|Any CPU.Build.0 = Release|Any CPU
		{14F7A690-30CE-42B3-B786-5AC109FC897F}.Debug|Any CPU.ActiveCfg = Debug|Any CPU
		{14F7A690-30CE-42B3-B786-5AC109FC897F}.Debug|Any CPU.Build.0 = Debug|Any CPU
		{14F7A690-30CE-42B3-B786-5AC109FC897F}.Release|Any CPU.ActiveCfg = Release|Any CPU
		{14F7A690-30CE-42B3-B786-5AC109FC897F}.Release|Any CPU.Build.0 = Release|Any CPU
		{A98A54AC-C884-42D9-8B10-3E73536772B4}.Debug|Any CPU.ActiveCfg = Debug|Any CPU
		{A98A54AC-C884-42D9-8B10-3E73536772B4}.Debug|Any CPU.Build.0 = Debug|Any CPU
		{A98A54AC-C884-42D9-8B10-3E73536772B4}.Release|Any CPU.ActiveCfg = Release|Any CPU
		{A98A54AC-C884-42D9-8B10-3E73536772B4}.Release|Any CPU.Build.0 = Release|Any CPU
		{427B6558-95DE-44BC-8066-A27D081C1D67}.Debug|Any CPU.ActiveCfg = Debug|Any CPU
		{427B6558-95DE-44BC-8066-A27D081C1D67}.Debug|Any CPU.Build.0 = Debug|Any CPU
		{427B6558-95DE-44BC-8066-A27D081C1D67}.Release|Any CPU.ActiveCfg = Release|Any CPU
		{427B6558-95DE-44BC-8066-A27D081C1D67}.Release|Any CPU.Build.0 = Release|Any CPU
	EndGlobalSection
	GlobalSection(SolutionProperties) = preSolution
		HideSolutionNode = FALSE
	EndGlobalSection
	GlobalSection(NestedProjects) = preSolution
		{A98A54AC-C884-42D9-8B10-3E73536772B4} = {70B8DF87-336D-4888-904C-6231C7ABA7DE}
		{427B6558-95DE-44BC-8066-A27D081C1D67} = {70B8DF87-336D-4888-904C-6231C7ABA7DE}
	EndGlobalSection
EndGlobal
